
Microsoft Visual Studio Solution File, Format Version 12.00
# Visual Studio Version 17
VisualStudioVersion = 17.14.36511.14 d17.14
MinimumVisualStudioVersion = 10.0.40219.1
Project("{888888A0-9F3D-457C-B088-3A5042F75D52}") = "models.py", "models.py\models.py.pyproj", "{5C38104F-011F-4691-8D6C-390D6C6A996B}"
EndProject
Global
	GlobalSection(SolutionConfigurationPlatforms) = preSolution
		Debug|Any CPU = Debug|Any CPU
		Release|Any CPU = Release|Any CPU
	EndGlobalSection
	GlobalSection(ProjectConfigurationPlatforms) = postSolution
		{5C38104F-011F-4691-8D6C-390D6C6A996B}.Debug|Any CPU.ActiveCfg = Debug|Any CPU
		{5C38104F-011F-4691-8D6C-390D6C6A996B}.Release|Any CPU.ActiveCfg = Release|Any CPU
	EndGlobalSection
	GlobalSection(SolutionProperties) = preSolution
		HideSolutionNode = FALSE
	EndGlobalSection
	GlobalSection(ExtensibilityGlobals) = postSolution
		SolutionGuid = {A7D32211-B941-4267-8058-04DE1067E015}
	EndGlobalSection
EndGlobal
